// !$*UTF8*$!
{
	archiveVersion = 1;
	classes = {
	};
	objectVersion = 51;
	objects = {

/* Begin PBXBuildFile section */
		2071A658D1DD234A13C521BD /* Pods_SudoSecureVaultIntegrationTests.framework in Frameworks */ = {isa = PBXBuildFile; fileRef = 72EF0BCFE9C346079D80AA7D /* Pods_SudoSecureVaultIntegrationTests.framework */; };
		32401EAC2543522B00BA890A /* MockSudoSecureVaultClient.swift in Sources */ = {isa = PBXBuildFile; fileRef = 32401EAB2543522B00BA890A /* MockSudoSecureVaultClient.swift */; };
		587F6AC7C9A498AFE9981AAE /* Pods_SudoSecureVaultTests.framework in Frameworks */ = {isa = PBXBuildFile; fileRef = C449D9E19B55083AD9E5E4C4 /* Pods_SudoSecureVaultTests.framework */; };
		D748693D670F209762DEA0AB /* Pods_SudoSecureVault.framework in Frameworks */ = {isa = PBXBuildFile; fileRef = A0CCCA90D2ADF7A7578DD1FE /* Pods_SudoSecureVault.framework */; };
		D9017FF0252BDF150059EB45 /* API.swift in Sources */ = {isa = PBXBuildFile; fileRef = D9017FEF252BDF150059EB45 /* API.swift */; };
		D901A9E123D6C44400A3FC70 /* sudoplatformconfig.json in Resources */ = {isa = PBXBuildFile; fileRef = D901A9E023D6C44400A3FC70 /* sudoplatformconfig.json */; };
		D928A86D22D8558600D270B6 /* Auth0.plist in Resources */ = {isa = PBXBuildFile; fileRef = D928A86C22D8558600D270B6 /* Auth0.plist */; };
		D94474A4227BEDF400C0872E /* CognitoUserPoolIdentityProvider.swift in Sources */ = {isa = PBXBuildFile; fileRef = D94474A3227BEDF400C0872E /* CognitoUserPoolIdentityProvider.swift */; };
		D944EA9123597C8C00508708 /* SudoSecureVault-Swift.h in Headers */ = {isa = PBXBuildFile; fileRef = D9A68FDF22406BDC0073C07C /* SudoSecureVault-Swift.h */; };
		D9457DFA2536C39D0009271A /* Deregister.swift in Sources */ = {isa = PBXBuildFile; fileRef = D9457DF92536C39D0009271A /* Deregister.swift */; };
		D9457E012536C6CC0009271A /* ChangePassword.swift in Sources */ = {isa = PBXBuildFile; fileRef = D9457E002536C6CC0009271A /* ChangePassword.swift */; };
		D94A116722407F2400271C28 /* SudoSecureVaultClient.swift in Sources */ = {isa = PBXBuildFile; fileRef = D94A113F22407F2200271C28 /* SudoSecureVaultClient.swift */; };
		D94A117322407F2400271C28 /* Version.swift in Sources */ = {isa = PBXBuildFile; fileRef = D94A114B22407F2200271C28 /* Version.swift */; };
		D94A117A22407F2400271C28 /* Register.swift in Sources */ = {isa = PBXBuildFile; fileRef = D94A115222407F2300271C28 /* Register.swift */; };
		D94A117F22407F2400271C28 /* SecureVaultOperation.swift in Sources */ = {isa = PBXBuildFile; fileRef = D94A115722407F2300271C28 /* SecureVaultOperation.swift */; };
		D94A118822407F2400271C28 /* Logger.swift in Sources */ = {isa = PBXBuildFile; fileRef = D94A116022407F2300271C28 /* Logger.swift */; };
		D94A11B52240CADD00271C28 /* SudoSecureVault.framework in Frameworks */ = {isa = PBXBuildFile; fileRef = D9A68FDC22406BDC0073C07C /* SudoSecureVault.framework */; };
		D94A11BC2240CB9300271C28 /* SudoSecureVaultIntegrationTests.swift in Sources */ = {isa = PBXBuildFile; fileRef = D94A11BB2240CB9300271C28 /* SudoSecureVaultIntegrationTests.swift */; };
		D94A11C42240D9EC00271C28 /* AppDelegate.swift in Sources */ = {isa = PBXBuildFile; fileRef = D94A11C32240D9EC00271C28 /* AppDelegate.swift */; };
		D94A11C62240D9EC00271C28 /* ViewController.swift in Sources */ = {isa = PBXBuildFile; fileRef = D94A11C52240D9EC00271C28 /* ViewController.swift */; };
		D94A11C92240D9EC00271C28 /* Main.storyboard in Resources */ = {isa = PBXBuildFile; fileRef = D94A11C72240D9EC00271C28 /* Main.storyboard */; };
		D94A11CB2240D9ED00271C28 /* Assets.xcassets in Resources */ = {isa = PBXBuildFile; fileRef = D94A11CA2240D9ED00271C28 /* Assets.xcassets */; };
		D94A11CE2240D9ED00271C28 /* LaunchScreen.storyboard in Resources */ = {isa = PBXBuildFile; fileRef = D94A11CC2240D9ED00271C28 /* LaunchScreen.storyboard */; };
		D95FB71924247D6000218486 /* SignIn.swift in Sources */ = {isa = PBXBuildFile; fileRef = D95FB71824247D6000218486 /* SignIn.swift */; };
		D96E98FA231CA960005994EA /* SudoSecureVaultClientManager.swift in Sources */ = {isa = PBXBuildFile; fileRef = D96E98F9231CA960005994EA /* SudoSecureVaultClientManager.swift */; };
		D988A2C12266AB65005F116E /* AWSEndpoint.swift in Sources */ = {isa = PBXBuildFile; fileRef = D988A2C02266AB65005F116E /* AWSEndpoint.swift */; };
		D9A4351D237937CB007FB579 /* SudoSecureVaultClientConfigProvider.swift in Sources */ = {isa = PBXBuildFile; fileRef = D9A4351C237937CB007FB579 /* SudoSecureVaultClientConfigProvider.swift */; };
		D9A68FE622406BDC0073C07C /* SudoSecureVault.framework in Frameworks */ = {isa = PBXBuildFile; fileRef = D9A68FDC22406BDC0073C07C /* SudoSecureVault.framework */; };
		D9A68FEB22406BDC0073C07C /* SudoSecureVaultTests.swift in Sources */ = {isa = PBXBuildFile; fileRef = D9A68FEA22406BDC0073C07C /* SudoSecureVaultTests.swift */; };
		D9A8001A2536A1C2004BDAF9 /* ListVaultsMetadataOnly.swift in Sources */ = {isa = PBXBuildFile; fileRef = D9A800192536A1C2004BDAF9 /* ListVaultsMetadataOnly.swift */; };
		D9A800212536A3D0004BDAF9 /* DeleteVault.swift in Sources */ = {isa = PBXBuildFile; fileRef = D9A800202536A3D0004BDAF9 /* DeleteVault.swift */; };
		D9A800342536A3EE004BDAF9 /* GetVault.swift in Sources */ = {isa = PBXBuildFile; fileRef = D9A800332536A3EE004BDAF9 /* GetVault.swift */; };
		D9CAEF34224369D400D8D4B5 /* NSNumber.swift in Sources */ = {isa = PBXBuildFile; fileRef = D9CAEF2E224369D400D8D4B5 /* NSNumber.swift */; };
		D9CAEF35224369D400D8D4B5 /* Array.swift in Sources */ = {isa = PBXBuildFile; fileRef = D9CAEF2F224369D400D8D4B5 /* Array.swift */; };
		D9CAEF36224369D400D8D4B5 /* Dictionary.swift in Sources */ = {isa = PBXBuildFile; fileRef = D9CAEF30224369D400D8D4B5 /* Dictionary.swift */; };
		D9CAEF37224369D400D8D4B5 /* NSLock.swift in Sources */ = {isa = PBXBuildFile; fileRef = D9CAEF31224369D400D8D4B5 /* NSLock.swift */; };
		D9CAEF38224369D400D8D4B5 /* Data.swift in Sources */ = {isa = PBXBuildFile; fileRef = D9CAEF32224369D400D8D4B5 /* Data.swift */; };
		D9CAEF39224369D400D8D4B5 /* Date.swift in Sources */ = {isa = PBXBuildFile; fileRef = D9CAEF33224369D400D8D4B5 /* Date.swift */; };
		D9CF1826224840F900C84D45 /* IdentityProvider.swift in Sources */ = {isa = PBXBuildFile; fileRef = D9CF1825224840F900C84D45 /* IdentityProvider.swift */; };
		D9F0B6E72251895A00D085E1 /* SudoSecureVault.framework in Frameworks */ = {isa = PBXBuildFile; fileRef = D9A68FDC22406BDC0073C07C /* SudoSecureVault.framework */; };
		D9F0B6E82251895A00D085E1 /* SudoSecureVault.framework in Embed Frameworks */ = {isa = PBXBuildFile; fileRef = D9A68FDC22406BDC0073C07C /* SudoSecureVault.framework */; settings = {ATTRIBUTES = (CodeSignOnCopy, RemoveHeadersOnCopy, ); }; };
		D9F27D2922DC3D4200441D3F /* awsconfiguration.json in Resources */ = {isa = PBXBuildFile; fileRef = D9F27D2822DC3D4200441D3F /* awsconfiguration.json */; };
		D9FD0033246227920038A040 /* DefaultSudoSecureVaultClient.swift in Sources */ = {isa = PBXBuildFile; fileRef = D9FD0032246227920038A040 /* DefaultSudoSecureVaultClient.swift */; };
		D9FD303B2533D00700415306 /* CreateVault.swift in Sources */ = {isa = PBXBuildFile; fileRef = D9FD303A2533D00700415306 /* CreateVault.swift */; };
		D9FD30422533FD6B00415306 /* UpdateVault.swift in Sources */ = {isa = PBXBuildFile; fileRef = D9FD30412533FD6B00415306 /* UpdateVault.swift */; };
		D9FD30492533FD8200415306 /* ListVaults.swift in Sources */ = {isa = PBXBuildFile; fileRef = D9FD30482533FD8200415306 /* ListVaults.swift */; };
		D9FE013C23A7348F009C0B60 /* SecureVaultOperationQueue.swift in Sources */ = {isa = PBXBuildFile; fileRef = D9FE013B23A7348F009C0B60 /* SecureVaultOperationQueue.swift */; };
		D9FE014023A741F9009C0B60 /* AuthenticationTokens.swift in Sources */ = {isa = PBXBuildFile; fileRef = D9FE013F23A741F8009C0B60 /* AuthenticationTokens.swift */; };
		DD529A7DCAEE86354EBDCF26 /* Pods_TestApp.framework in Frameworks */ = {isa = PBXBuildFile; fileRef = 2B3B792FB1995377E9966320 /* Pods_TestApp.framework */; };
/* End PBXBuildFile section */

/* Begin PBXContainerItemProxy section */
		D94A11B62240CADD00271C28 /* PBXContainerItemProxy */ = {
			isa = PBXContainerItemProxy;
			containerPortal = D9A68FD322406BDC0073C07C /* Project object */;
			proxyType = 1;
			remoteGlobalIDString = D9A68FDB22406BDC0073C07C;
			remoteInfo = SudoSecureVault;
		};
		D94A11D32240D9FA00271C28 /* PBXContainerItemProxy */ = {
			isa = PBXContainerItemProxy;
			containerPortal = D9A68FD322406BDC0073C07C /* Project object */;
			proxyType = 1;
			remoteGlobalIDString = D94A11C02240D9EB00271C28;
			remoteInfo = TestApp;
		};
		D9A029D22241C3F900FC8A06 /* PBXContainerItemProxy */ = {
			isa = PBXContainerItemProxy;
			containerPortal = D9A68FD322406BDC0073C07C /* Project object */;
			proxyType = 1;
			remoteGlobalIDString = D94A11C02240D9EB00271C28;
			remoteInfo = TestApp;
		};
		D9A68FE722406BDC0073C07C /* PBXContainerItemProxy */ = {
			isa = PBXContainerItemProxy;
			containerPortal = D9A68FD322406BDC0073C07C /* Project object */;
			proxyType = 1;
			remoteGlobalIDString = D9A68FDB22406BDC0073C07C;
			remoteInfo = SudoSecureVault;
		};
		D9F0B6E92251895A00D085E1 /* PBXContainerItemProxy */ = {
			isa = PBXContainerItemProxy;
			containerPortal = D9A68FD322406BDC0073C07C /* Project object */;
			proxyType = 1;
			remoteGlobalIDString = D9A68FDB22406BDC0073C07C;
			remoteInfo = SudoSecureVault;
		};
/* End PBXContainerItemProxy section */

/* Begin PBXCopyFilesBuildPhase section */
		D9F0B6EB2251895A00D085E1 /* Embed Frameworks */ = {
			isa = PBXCopyFilesBuildPhase;
			buildActionMask = 2147483647;
			dstPath = "";
			dstSubfolderSpec = 10;
			files = (
				D9F0B6E82251895A00D085E1 /* SudoSecureVault.framework in Embed Frameworks */,
			);
			name = "Embed Frameworks";
			runOnlyForDeploymentPostprocessing = 0;
		};
/* End PBXCopyFilesBuildPhase section */

/* Begin PBXFileReference section */
		1089840AF09B8C3858CC3E3D /* Pods-TestApp.debug.xcconfig */ = {isa = PBXFileReference; includeInIndex = 1; lastKnownFileType = text.xcconfig; name = "Pods-TestApp.debug.xcconfig"; path = "Target Support Files/Pods-TestApp/Pods-TestApp.debug.xcconfig"; sourceTree = "<group>"; };
		2301A6D7046F94628A309CA3 /* Pods-SampleApp.debug.xcconfig */ = {isa = PBXFileReference; includeInIndex = 1; lastKnownFileType = text.xcconfig; name = "Pods-SampleApp.debug.xcconfig"; path = "Target Support Files/Pods-SampleApp/Pods-SampleApp.debug.xcconfig"; sourceTree = "<group>"; };
		2B3B792FB1995377E9966320 /* Pods_TestApp.framework */ = {isa = PBXFileReference; explicitFileType = wrapper.framework; includeInIndex = 0; path = Pods_TestApp.framework; sourceTree = BUILT_PRODUCTS_DIR; };
		32401EAB2543522B00BA890A /* MockSudoSecureVaultClient.swift */ = {isa = PBXFileReference; lastKnownFileType = sourcecode.swift; path = MockSudoSecureVaultClient.swift; sourceTree = "<group>"; };
		3C34A3A5514BBD626DA281AB /* Pods-SudoSecureVaultTests.release.xcconfig */ = {isa = PBXFileReference; includeInIndex = 1; lastKnownFileType = text.xcconfig; name = "Pods-SudoSecureVaultTests.release.xcconfig"; path = "Target Support Files/Pods-SudoSecureVaultTests/Pods-SudoSecureVaultTests.release.xcconfig"; sourceTree = "<group>"; };
		72EF0BCFE9C346079D80AA7D /* Pods_SudoSecureVaultIntegrationTests.framework */ = {isa = PBXFileReference; explicitFileType = wrapper.framework; includeInIndex = 0; path = Pods_SudoSecureVaultIntegrationTests.framework; sourceTree = BUILT_PRODUCTS_DIR; };
		7360D3B621BEE707534D50F5 /* Pods-SudoSecureVaultIntegrationTests.release.xcconfig */ = {isa = PBXFileReference; includeInIndex = 1; lastKnownFileType = text.xcconfig; name = "Pods-SudoSecureVaultIntegrationTests.release.xcconfig"; path = "Target Support Files/Pods-SudoSecureVaultIntegrationTests/Pods-SudoSecureVaultIntegrationTests.release.xcconfig"; sourceTree = "<group>"; };
		788995CA37D1FA570AB6E997 /* Pods-SudoSecureVault.release.xcconfig */ = {isa = PBXFileReference; includeInIndex = 1; lastKnownFileType = text.xcconfig; name = "Pods-SudoSecureVault.release.xcconfig"; path = "Target Support Files/Pods-SudoSecureVault/Pods-SudoSecureVault.release.xcconfig"; sourceTree = "<group>"; };
		7E1B77C1B2FFAF6CFB34B0BC /* Pods-SampleApp.release.xcconfig */ = {isa = PBXFileReference; includeInIndex = 1; lastKnownFileType = text.xcconfig; name = "Pods-SampleApp.release.xcconfig"; path = "Target Support Files/Pods-SampleApp/Pods-SampleApp.release.xcconfig"; sourceTree = "<group>"; };
		8928B0B4014A21CB7E167C5A /* Pods-SudoSecureVaultIntegrationTests.debug.xcconfig */ = {isa = PBXFileReference; includeInIndex = 1; lastKnownFileType = text.xcconfig; name = "Pods-SudoSecureVaultIntegrationTests.debug.xcconfig"; path = "Target Support Files/Pods-SudoSecureVaultIntegrationTests/Pods-SudoSecureVaultIntegrationTests.debug.xcconfig"; sourceTree = "<group>"; };
		948C6218A75165742EF23174 /* Pods_SampleApp.framework */ = {isa = PBXFileReference; explicitFileType = wrapper.framework; includeInIndex = 0; path = Pods_SampleApp.framework; sourceTree = BUILT_PRODUCTS_DIR; };
		952C3B4660083237FFEB184C /* Pods-TestApp.release.xcconfig */ = {isa = PBXFileReference; includeInIndex = 1; lastKnownFileType = text.xcconfig; name = "Pods-TestApp.release.xcconfig"; path = "Target Support Files/Pods-TestApp/Pods-TestApp.release.xcconfig"; sourceTree = "<group>"; };
		A0CCCA90D2ADF7A7578DD1FE /* Pods_SudoSecureVault.framework */ = {isa = PBXFileReference; explicitFileType = wrapper.framework; includeInIndex = 0; path = Pods_SudoSecureVault.framework; sourceTree = BUILT_PRODUCTS_DIR; };
		BD1ADF96715646A47150241F /* Pods-SudoSecureVaultTests.debug.xcconfig */ = {isa = PBXFileReference; includeInIndex = 1; lastKnownFileType = text.xcconfig; name = "Pods-SudoSecureVaultTests.debug.xcconfig"; path = "Target Support Files/Pods-SudoSecureVaultTests/Pods-SudoSecureVaultTests.debug.xcconfig"; sourceTree = "<group>"; };
		C449D9E19B55083AD9E5E4C4 /* Pods_SudoSecureVaultTests.framework */ = {isa = PBXFileReference; explicitFileType = wrapper.framework; includeInIndex = 0; path = Pods_SudoSecureVaultTests.framework; sourceTree = BUILT_PRODUCTS_DIR; };
		D9017FEF252BDF150059EB45 /* API.swift */ = {isa = PBXFileReference; fileEncoding = 4; lastKnownFileType = sourcecode.swift; path = API.swift; sourceTree = "<group>"; };
		D901A9E023D6C44400A3FC70 /* sudoplatformconfig.json */ = {isa = PBXFileReference; fileEncoding = 4; lastKnownFileType = text.json; path = sudoplatformconfig.json; sourceTree = "<group>"; };
		D928A86C22D8558600D270B6 /* Auth0.plist */ = {isa = PBXFileReference; lastKnownFileType = text.plist.xml; path = Auth0.plist; sourceTree = "<group>"; };
		D94474A3227BEDF400C0872E /* CognitoUserPoolIdentityProvider.swift */ = {isa = PBXFileReference; lastKnownFileType = sourcecode.swift; path = CognitoUserPoolIdentityProvider.swift; sourceTree = "<group>"; };
		D9457DF92536C39D0009271A /* Deregister.swift */ = {isa = PBXFileReference; fileEncoding = 4; lastKnownFileType = sourcecode.swift; path = Deregister.swift; sourceTree = "<group>"; };
		D9457E002536C6CC0009271A /* ChangePassword.swift */ = {isa = PBXFileReference; fileEncoding = 4; lastKnownFileType = sourcecode.swift; path = ChangePassword.swift; sourceTree = "<group>"; };
		D94A113F22407F2200271C28 /* SudoSecureVaultClient.swift */ = {isa = PBXFileReference; fileEncoding = 4; lastKnownFileType = sourcecode.swift; path = SudoSecureVaultClient.swift; sourceTree = "<group>"; };
		D94A114B22407F2200271C28 /* Version.swift */ = {isa = PBXFileReference; fileEncoding = 4; lastKnownFileType = sourcecode.swift; path = Version.swift; sourceTree = "<group>"; };
		D94A115222407F2300271C28 /* Register.swift */ = {isa = PBXFileReference; fileEncoding = 4; lastKnownFileType = sourcecode.swift; path = Register.swift; sourceTree = "<group>"; };
		D94A115722407F2300271C28 /* SecureVaultOperation.swift */ = {isa = PBXFileReference; fileEncoding = 4; lastKnownFileType = sourcecode.swift; path = SecureVaultOperation.swift; sourceTree = "<group>"; };
		D94A116022407F2300271C28 /* Logger.swift */ = {isa = PBXFileReference; fileEncoding = 4; lastKnownFileType = sourcecode.swift; path = Logger.swift; sourceTree = "<group>"; };
		D94A118F224094A100271C28 /* Podfile */ = {isa = PBXFileReference; lastKnownFileType = text; path = Podfile; sourceTree = "<group>"; xcLanguageSpecificationIdentifier = xcode.lang.ruby; };
		D94A1190224094AA00271C28 /* SudoSecureVault.podspec */ = {isa = PBXFileReference; lastKnownFileType = text; path = SudoSecureVault.podspec; sourceTree = "<group>"; };
		D94A11B02240CADD00271C28 /* SudoSecureVaultIntegrationTests.xctest */ = {isa = PBXFileReference; explicitFileType = wrapper.cfbundle; includeInIndex = 0; path = SudoSecureVaultIntegrationTests.xctest; sourceTree = BUILT_PRODUCTS_DIR; };
		D94A11B42240CADD00271C28 /* Info.plist */ = {isa = PBXFileReference; lastKnownFileType = text.plist.xml; path = Info.plist; sourceTree = "<group>"; };
		D94A11BB2240CB9300271C28 /* SudoSecureVaultIntegrationTests.swift */ = {isa = PBXFileReference; fileEncoding = 4; lastKnownFileType = sourcecode.swift; path = SudoSecureVaultIntegrationTests.swift; sourceTree = "<group>"; };
		D94A11C12240D9EB00271C28 /* TestApp.app */ = {isa = PBXFileReference; explicitFileType = wrapper.application; includeInIndex = 0; path = TestApp.app; sourceTree = BUILT_PRODUCTS_DIR; };
		D94A11C32240D9EC00271C28 /* AppDelegate.swift */ = {isa = PBXFileReference; lastKnownFileType = sourcecode.swift; path = AppDelegate.swift; sourceTree = "<group>"; };
		D94A11C52240D9EC00271C28 /* ViewController.swift */ = {isa = PBXFileReference; lastKnownFileType = sourcecode.swift; path = ViewController.swift; sourceTree = "<group>"; };
		D94A11C82240D9EC00271C28 /* Base */ = {isa = PBXFileReference; lastKnownFileType = file.storyboard; name = Base; path = Base.lproj/Main.storyboard; sourceTree = "<group>"; };
		D94A11CA2240D9ED00271C28 /* Assets.xcassets */ = {isa = PBXFileReference; lastKnownFileType = folder.assetcatalog; path = Assets.xcassets; sourceTree = "<group>"; };
		D94A11CD2240D9ED00271C28 /* Base */ = {isa = PBXFileReference; lastKnownFileType = file.storyboard; name = Base; path = Base.lproj/LaunchScreen.storyboard; sourceTree = "<group>"; };
		D94A11CF2240D9ED00271C28 /* Info.plist */ = {isa = PBXFileReference; lastKnownFileType = text.plist.xml; path = Info.plist; sourceTree = "<group>"; };
		D95FB71824247D6000218486 /* SignIn.swift */ = {isa = PBXFileReference; fileEncoding = 4; lastKnownFileType = sourcecode.swift; path = SignIn.swift; sourceTree = "<group>"; };
		D96E98F9231CA960005994EA /* SudoSecureVaultClientManager.swift */ = {isa = PBXFileReference; lastKnownFileType = sourcecode.swift; path = SudoSecureVaultClientManager.swift; sourceTree = "<group>"; };
		D98064BD231F9B960035FC37 /* SampleAppUITests.xctest */ = {isa = PBXFileReference; explicitFileType = wrapper.cfbundle; includeInIndex = 0; path = SampleAppUITests.xctest; sourceTree = BUILT_PRODUCTS_DIR; };
		D988A2C02266AB65005F116E /* AWSEndpoint.swift */ = {isa = PBXFileReference; lastKnownFileType = sourcecode.swift; path = AWSEndpoint.swift; sourceTree = "<group>"; };
		D9A4351C237937CB007FB579 /* SudoSecureVaultClientConfigProvider.swift */ = {isa = PBXFileReference; lastKnownFileType = sourcecode.swift; path = SudoSecureVaultClientConfigProvider.swift; sourceTree = "<group>"; };
		D9A68FDC22406BDC0073C07C /* SudoSecureVault.framework */ = {isa = PBXFileReference; explicitFileType = wrapper.framework; includeInIndex = 0; path = SudoSecureVault.framework; sourceTree = BUILT_PRODUCTS_DIR; };
		D9A68FDF22406BDC0073C07C /* SudoSecureVault-Swift.h */ = {isa = PBXFileReference; lastKnownFileType = sourcecode.c.h; path = "SudoSecureVault-Swift.h"; sourceTree = "<group>"; };
		D9A68FE022406BDC0073C07C /* Info.plist */ = {isa = PBXFileReference; lastKnownFileType = text.plist.xml; path = Info.plist; sourceTree = "<group>"; };
		D9A68FE522406BDC0073C07C /* SudoSecureVaultTests.xctest */ = {isa = PBXFileReference; explicitFileType = wrapper.cfbundle; includeInIndex = 0; path = SudoSecureVaultTests.xctest; sourceTree = BUILT_PRODUCTS_DIR; };
		D9A68FEA22406BDC0073C07C /* SudoSecureVaultTests.swift */ = {isa = PBXFileReference; lastKnownFileType = sourcecode.swift; path = SudoSecureVaultTests.swift; sourceTree = "<group>"; };
		D9A68FEC22406BDC0073C07C /* Info.plist */ = {isa = PBXFileReference; lastKnownFileType = text.plist.xml; path = Info.plist; sourceTree = "<group>"; };
		D9A800192536A1C2004BDAF9 /* ListVaultsMetadataOnly.swift */ = {isa = PBXFileReference; fileEncoding = 4; lastKnownFileType = sourcecode.swift; path = ListVaultsMetadataOnly.swift; sourceTree = "<group>"; };
		D9A800202536A3D0004BDAF9 /* DeleteVault.swift */ = {isa = PBXFileReference; fileEncoding = 4; lastKnownFileType = sourcecode.swift; path = DeleteVault.swift; sourceTree = "<group>"; };
		D9A800332536A3EE004BDAF9 /* GetVault.swift */ = {isa = PBXFileReference; fileEncoding = 4; lastKnownFileType = sourcecode.swift; path = GetVault.swift; sourceTree = "<group>"; };
		D9AED2D62252E65F004ABA24 /* SampleAppTests.xctest */ = {isa = PBXFileReference; explicitFileType = wrapper.cfbundle; includeInIndex = 0; path = SampleAppTests.xctest; sourceTree = BUILT_PRODUCTS_DIR; };
		D9CAEF2E224369D400D8D4B5 /* NSNumber.swift */ = {isa = PBXFileReference; fileEncoding = 4; lastKnownFileType = sourcecode.swift; path = NSNumber.swift; sourceTree = "<group>"; };
		D9CAEF2F224369D400D8D4B5 /* Array.swift */ = {isa = PBXFileReference; fileEncoding = 4; lastKnownFileType = sourcecode.swift; path = Array.swift; sourceTree = "<group>"; };
		D9CAEF30224369D400D8D4B5 /* Dictionary.swift */ = {isa = PBXFileReference; fileEncoding = 4; lastKnownFileType = sourcecode.swift; path = Dictionary.swift; sourceTree = "<group>"; };
		D9CAEF31224369D400D8D4B5 /* NSLock.swift */ = {isa = PBXFileReference; fileEncoding = 4; lastKnownFileType = sourcecode.swift; path = NSLock.swift; sourceTree = "<group>"; };
		D9CAEF32224369D400D8D4B5 /* Data.swift */ = {isa = PBXFileReference; fileEncoding = 4; lastKnownFileType = sourcecode.swift; path = Data.swift; sourceTree = "<group>"; };
		D9CAEF33224369D400D8D4B5 /* Date.swift */ = {isa = PBXFileReference; fileEncoding = 4; lastKnownFileType = sourcecode.swift; path = Date.swift; sourceTree = "<group>"; };
		D9CF1825224840F900C84D45 /* IdentityProvider.swift */ = {isa = PBXFileReference; lastKnownFileType = sourcecode.swift; path = IdentityProvider.swift; sourceTree = "<group>"; };
		D9F0B70A225191B800D085E1 /* TestApp.entitlements */ = {isa = PBXFileReference; lastKnownFileType = text.plist.entitlements; path = TestApp.entitlements; sourceTree = "<group>"; };
		D9F0B70D2251CC0400D085E1 /* codegen.sh */ = {isa = PBXFileReference; lastKnownFileType = text.script.sh; path = codegen.sh; sourceTree = "<group>"; };
		D9F27D2822DC3D4200441D3F /* awsconfiguration.json */ = {isa = PBXFileReference; lastKnownFileType = text.json; path = awsconfiguration.json; sourceTree = "<group>"; };
		D9FD0032246227920038A040 /* DefaultSudoSecureVaultClient.swift */ = {isa = PBXFileReference; lastKnownFileType = sourcecode.swift; path = DefaultSudoSecureVaultClient.swift; sourceTree = "<group>"; };
		D9FD303A2533D00700415306 /* CreateVault.swift */ = {isa = PBXFileReference; fileEncoding = 4; lastKnownFileType = sourcecode.swift; path = CreateVault.swift; sourceTree = "<group>"; };
		D9FD30412533FD6B00415306 /* UpdateVault.swift */ = {isa = PBXFileReference; fileEncoding = 4; lastKnownFileType = sourcecode.swift; path = UpdateVault.swift; sourceTree = "<group>"; };
		D9FD30482533FD8200415306 /* ListVaults.swift */ = {isa = PBXFileReference; fileEncoding = 4; lastKnownFileType = sourcecode.swift; path = ListVaults.swift; sourceTree = "<group>"; };
		D9FE013B23A7348F009C0B60 /* SecureVaultOperationQueue.swift */ = {isa = PBXFileReference; lastKnownFileType = sourcecode.swift; path = SecureVaultOperationQueue.swift; sourceTree = "<group>"; };
		D9FE013F23A741F8009C0B60 /* AuthenticationTokens.swift */ = {isa = PBXFileReference; lastKnownFileType = sourcecode.swift; path = AuthenticationTokens.swift; sourceTree = "<group>"; };
		FC4F3A0D4B75784109B3F1A5 /* Pods-SudoSecureVault.debug.xcconfig */ = {isa = PBXFileReference; includeInIndex = 1; lastKnownFileType = text.xcconfig; name = "Pods-SudoSecureVault.debug.xcconfig"; path = "Target Support Files/Pods-SudoSecureVault/Pods-SudoSecureVault.debug.xcconfig"; sourceTree = "<group>"; };
/* End PBXFileReference section */

/* Begin PBXFrameworksBuildPhase section */
		D94A11AD2240CADD00271C28 /* Frameworks */ = {
			isa = PBXFrameworksBuildPhase;
			buildActionMask = 2147483647;
			files = (
				D94A11B52240CADD00271C28 /* SudoSecureVault.framework in Frameworks */,
				2071A658D1DD234A13C521BD /* Pods_SudoSecureVaultIntegrationTests.framework in Frameworks */,
			);
			runOnlyForDeploymentPostprocessing = 0;
		};
		D94A11BE2240D9EB00271C28 /* Frameworks */ = {
			isa = PBXFrameworksBuildPhase;
			buildActionMask = 2147483647;
			files = (
				D9F0B6E72251895A00D085E1 /* SudoSecureVault.framework in Frameworks */,
				DD529A7DCAEE86354EBDCF26 /* Pods_TestApp.framework in Frameworks */,
			);
			runOnlyForDeploymentPostprocessing = 0;
		};
		D98064BA231F9B960035FC37 /* Frameworks */ = {
			isa = PBXFrameworksBuildPhase;
			buildActionMask = 2147483647;
			files = (
			);
			runOnlyForDeploymentPostprocessing = 0;
		};
		D9A68FD922406BDC0073C07C /* Frameworks */ = {
			isa = PBXFrameworksBuildPhase;
			buildActionMask = 2147483647;
			files = (
				D748693D670F209762DEA0AB /* Pods_SudoSecureVault.framework in Frameworks */,
			);
			runOnlyForDeploymentPostprocessing = 0;
		};
		D9A68FE222406BDC0073C07C /* Frameworks */ = {
			isa = PBXFrameworksBuildPhase;
			buildActionMask = 2147483647;
			files = (
				D9A68FE622406BDC0073C07C /* SudoSecureVault.framework in Frameworks */,
				587F6AC7C9A498AFE9981AAE /* Pods_SudoSecureVaultTests.framework in Frameworks */,
			);
			runOnlyForDeploymentPostprocessing = 0;
		};
		D9AED2D32252E65F004ABA24 /* Frameworks */ = {
			isa = PBXFrameworksBuildPhase;
			buildActionMask = 2147483647;
			files = (
			);
			runOnlyForDeploymentPostprocessing = 0;
		};
/* End PBXFrameworksBuildPhase section */

/* Begin PBXGroup section */
		22051C96E710463F1CEA08E3 /* Pods */ = {
			isa = PBXGroup;
			children = (
				1089840AF09B8C3858CC3E3D /* Pods-TestApp.debug.xcconfig */,
				952C3B4660083237FFEB184C /* Pods-TestApp.release.xcconfig */,
				2301A6D7046F94628A309CA3 /* Pods-SampleApp.debug.xcconfig */,
				7E1B77C1B2FFAF6CFB34B0BC /* Pods-SampleApp.release.xcconfig */,
				FC4F3A0D4B75784109B3F1A5 /* Pods-SudoSecureVault.debug.xcconfig */,
				788995CA37D1FA570AB6E997 /* Pods-SudoSecureVault.release.xcconfig */,
				8928B0B4014A21CB7E167C5A /* Pods-SudoSecureVaultIntegrationTests.debug.xcconfig */,
				7360D3B621BEE707534D50F5 /* Pods-SudoSecureVaultIntegrationTests.release.xcconfig */,
				BD1ADF96715646A47150241F /* Pods-SudoSecureVaultTests.debug.xcconfig */,
				3C34A3A5514BBD626DA281AB /* Pods-SudoSecureVaultTests.release.xcconfig */,
			);
			path = Pods;
			sourceTree = "<group>";
		};
		A498F8949F423D49D9498F0B /* Frameworks */ = {
			isa = PBXGroup;
			children = (
				2B3B792FB1995377E9966320 /* Pods_TestApp.framework */,
				948C6218A75165742EF23174 /* Pods_SampleApp.framework */,
				A0CCCA90D2ADF7A7578DD1FE /* Pods_SudoSecureVault.framework */,
				72EF0BCFE9C346079D80AA7D /* Pods_SudoSecureVaultIntegrationTests.framework */,
				C449D9E19B55083AD9E5E4C4 /* Pods_SudoSecureVaultTests.framework */,
			);
			name = Frameworks;
			sourceTree = "<group>";
		};
		D929B896228BD542006E63F0 /* API */ = {
			isa = PBXGroup;
			children = (
				D9017FEF252BDF150059EB45 /* API.swift */,
			);
			name = API;
			sourceTree = "<group>";
		};
		D94A11B12240CADD00271C28 /* SudoSecureVaultIntegrationTests */ = {
			isa = PBXGroup;
			children = (
				D9F1002E2264301A00008B3F /* Supporting Files */,
				D94A11BB2240CB9300271C28 /* SudoSecureVaultIntegrationTests.swift */,
				D94A11B42240CADD00271C28 /* Info.plist */,
			);
			path = SudoSecureVaultIntegrationTests;
			sourceTree = "<group>";
		};
		D94A11C22240D9EC00271C28 /* TestApp */ = {
			isa = PBXGroup;
			children = (
				D9F0B70A225191B800D085E1 /* TestApp.entitlements */,
				D901A9E023D6C44400A3FC70 /* sudoplatformconfig.json */,
				D94A11C32240D9EC00271C28 /* AppDelegate.swift */,
				D94A11C52240D9EC00271C28 /* ViewController.swift */,
				D94A11C72240D9EC00271C28 /* Main.storyboard */,
				D94A11CA2240D9ED00271C28 /* Assets.xcassets */,
				D94A11CC2240D9ED00271C28 /* LaunchScreen.storyboard */,
				D94A11CF2240D9ED00271C28 /* Info.plist */,
				D928A86C22D8558600D270B6 /* Auth0.plist */,
				D9F27D2822DC3D4200441D3F /* awsconfiguration.json */,
				D96E98F9231CA960005994EA /* SudoSecureVaultClientManager.swift */,
			);
			path = TestApp;
			sourceTree = "<group>";
		};
		D9A68FD222406BDC0073C07C = {
			isa = PBXGroup;
			children = (
				D94A1190224094AA00271C28 /* SudoSecureVault.podspec */,
				D94A118F224094A100271C28 /* Podfile */,
				D9F0B70D2251CC0400D085E1 /* codegen.sh */,
				D9A68FDE22406BDC0073C07C /* SudoSecureVault */,
				D9A68FE922406BDC0073C07C /* SudoSecureVaultTests */,
				D94A11B12240CADD00271C28 /* SudoSecureVaultIntegrationTests */,
				D94A11C22240D9EC00271C28 /* TestApp */,
				D9A68FDD22406BDC0073C07C /* Products */,
				22051C96E710463F1CEA08E3 /* Pods */,
				A498F8949F423D49D9498F0B /* Frameworks */,
			);
			sourceTree = "<group>";
		};
		D9A68FDD22406BDC0073C07C /* Products */ = {
			isa = PBXGroup;
			children = (
				D9A68FDC22406BDC0073C07C /* SudoSecureVault.framework */,
				D9A68FE522406BDC0073C07C /* SudoSecureVaultTests.xctest */,
				D94A11B02240CADD00271C28 /* SudoSecureVaultIntegrationTests.xctest */,
				D94A11C12240D9EB00271C28 /* TestApp.app */,
				D9AED2D62252E65F004ABA24 /* SampleAppTests.xctest */,
				D98064BD231F9B960035FC37 /* SampleAppUITests.xctest */,
			);
			name = Products;
			sourceTree = "<group>";
		};
		D9A68FDE22406BDC0073C07C /* SudoSecureVault */ = {
			isa = PBXGroup;
			children = (
				D9FE013623A6FDC1009C0B60 /* Operation */,
				D929B896228BD542006E63F0 /* API */,
				D9CAEF3A2243787000D8D4B5 /* Extension */,
				D9CF1825224840F900C84D45 /* IdentityProvider.swift */,
				D94A116022407F2300271C28 /* Logger.swift */,
				D94A113F22407F2200271C28 /* SudoSecureVaultClient.swift */,
				D94A114B22407F2200271C28 /* Version.swift */,
				D9A68FDF22406BDC0073C07C /* SudoSecureVault-Swift.h */,
				D9A68FE022406BDC0073C07C /* Info.plist */,
				D94474A3227BEDF400C0872E /* CognitoUserPoolIdentityProvider.swift */,
				D9A4351C237937CB007FB579 /* SudoSecureVaultClientConfigProvider.swift */,
				D9FE013F23A741F8009C0B60 /* AuthenticationTokens.swift */,
				D9FD0032246227920038A040 /* DefaultSudoSecureVaultClient.swift */,
				32401EAB2543522B00BA890A /* MockSudoSecureVaultClient.swift */,
			);
			path = SudoSecureVault;
			sourceTree = "<group>";
		};
		D9A68FE922406BDC0073C07C /* SudoSecureVaultTests */ = {
			isa = PBXGroup;
			children = (
				D9A68FEA22406BDC0073C07C /* SudoSecureVaultTests.swift */,
				D9A68FEC22406BDC0073C07C /* Info.plist */,
			);
			path = SudoSecureVaultTests;
			sourceTree = "<group>";
		};
		D9CAEF3A2243787000D8D4B5 /* Extension */ = {
			isa = PBXGroup;
			children = (
				D9CAEF2F224369D400D8D4B5 /* Array.swift */,
				D9CAEF32224369D400D8D4B5 /* Data.swift */,
				D9CAEF33224369D400D8D4B5 /* Date.swift */,
				D9CAEF30224369D400D8D4B5 /* Dictionary.swift */,
				D9CAEF31224369D400D8D4B5 /* NSLock.swift */,
				D9CAEF2E224369D400D8D4B5 /* NSNumber.swift */,
				D988A2C02266AB65005F116E /* AWSEndpoint.swift */,
			);
			name = Extension;
			sourceTree = "<group>";
		};
		D9F1002E2264301A00008B3F /* Supporting Files */ = {
			isa = PBXGroup;
			children = (
			);
			name = "Supporting Files";
			path = resources;
			sourceTree = "<group>";
		};
		D9FE013623A6FDC1009C0B60 /* Operation */ = {
			isa = PBXGroup;
			children = (
				D94A115722407F2300271C28 /* SecureVaultOperation.swift */,
				D94A115222407F2300271C28 /* Register.swift */,
				D9FE013B23A7348F009C0B60 /* SecureVaultOperationQueue.swift */,
				D95FB71824247D6000218486 /* SignIn.swift */,
				D9457E002536C6CC0009271A /* ChangePassword.swift */,
				D9FD303A2533D00700415306 /* CreateVault.swift */,
				D9FD30482533FD8200415306 /* ListVaults.swift */,
				D9A800332536A3EE004BDAF9 /* GetVault.swift */,
				D9A800192536A1C2004BDAF9 /* ListVaultsMetadataOnly.swift */,
				D9FD30412533FD6B00415306 /* UpdateVault.swift */,
				D9A800202536A3D0004BDAF9 /* DeleteVault.swift */,
				D9457DF92536C39D0009271A /* Deregister.swift */,
			);
			name = Operation;
			sourceTree = "<group>";
		};
/* End PBXGroup section */

/* Begin PBXHeadersBuildPhase section */
		D9A68FD722406BDC0073C07C /* Headers */ = {
			isa = PBXHeadersBuildPhase;
			buildActionMask = 2147483647;
			files = (
				D944EA9123597C8C00508708 /* SudoSecureVault-Swift.h in Headers */,
			);
			runOnlyForDeploymentPostprocessing = 0;
		};
/* End PBXHeadersBuildPhase section */

/* Begin PBXNativeTarget section */
		D94A11AF2240CADD00271C28 /* SudoSecureVaultIntegrationTests */ = {
			isa = PBXNativeTarget;
			buildConfigurationList = D94A11B82240CADD00271C28 /* Build configuration list for PBXNativeTarget "SudoSecureVaultIntegrationTests" */;
			buildPhases = (
				19C1A5478B277C981AA0692A /* [CP] Check Pods Manifest.lock */,
				D94A11AC2240CADD00271C28 /* Sources */,
				D94A11AD2240CADD00271C28 /* Frameworks */,
				D94A11AE2240CADD00271C28 /* Resources */,
				B91506FC64BECD067EA1321F /* [CP] Embed Pods Frameworks */,
				D98138D9224CCA7400D298B2 /* Copy TEST keys */,
			);
			buildRules = (
			);
			dependencies = (
				D94A11B72240CADD00271C28 /* PBXTargetDependency */,
				D94A11D42240D9FA00271C28 /* PBXTargetDependency */,
			);
			name = SudoSecureVaultIntegrationTests;
			productName = SudoSecureVaultIntegrationTests;
			productReference = D94A11B02240CADD00271C28 /* SudoSecureVaultIntegrationTests.xctest */;
			productType = "com.apple.product-type.bundle.unit-test";
		};
		D94A11C02240D9EB00271C28 /* TestApp */ = {
			isa = PBXNativeTarget;
			buildConfigurationList = D94A11D22240D9ED00271C28 /* Build configuration list for PBXNativeTarget "TestApp" */;
			buildPhases = (
				01CE72896F4517C60BED5D59 /* [CP] Check Pods Manifest.lock */,
				D94A11BD2240D9EB00271C28 /* Sources */,
				D94A11BE2240D9EB00271C28 /* Frameworks */,
				D94A11BF2240D9EB00271C28 /* Resources */,
				D9F0B6EB2251895A00D085E1 /* Embed Frameworks */,
				F34DDBAA821D5FB0EC218E1E /* [CP] Embed Pods Frameworks */,
				D96E98FD231CE360005994EA /* Copy Config File */,
			);
			buildRules = (
			);
			dependencies = (
				D9F0B6EA2251895A00D085E1 /* PBXTargetDependency */,
			);
			name = TestApp;
			productName = TestApp;
			productReference = D94A11C12240D9EB00271C28 /* TestApp.app */;
			productType = "com.apple.product-type.application";
		};
		D98064BC231F9B960035FC37 /* SampleAppUITests */ = {
			isa = PBXNativeTarget;
			buildConfigurationList = D98064C6231F9B960035FC37 /* Build configuration list for PBXNativeTarget "SampleAppUITests" */;
			buildPhases = (
				D98064B9231F9B960035FC37 /* Sources */,
				D98064BA231F9B960035FC37 /* Frameworks */,
				D98064BB231F9B960035FC37 /* Resources */,
			);
			buildRules = (
			);
			dependencies = (
			);
			name = SampleAppUITests;
			productName = SampleAppUITests;
			productReference = D98064BD231F9B960035FC37 /* SampleAppUITests.xctest */;
			productType = "com.apple.product-type.bundle.ui-testing";
		};
		D9A68FDB22406BDC0073C07C /* SudoSecureVault */ = {
			isa = PBXNativeTarget;
			buildConfigurationList = D9A68FF022406BDC0073C07C /* Build configuration list for PBXNativeTarget "SudoSecureVault" */;
			buildPhases = (
				4BE9F086B19C1962969A6184 /* [CP] Check Pods Manifest.lock */,
				D9A68FD722406BDC0073C07C /* Headers */,
				D9A68FD822406BDC0073C07C /* Sources */,
				D9A68FD922406BDC0073C07C /* Frameworks */,
				D9A68FDA22406BDC0073C07C /* Resources */,
				D9535711237A674C00135836 /* Lint */,
			);
			buildRules = (
			);
			dependencies = (
			);
			name = SudoSecureVault;
			productName = SudoSecureVault;
			productReference = D9A68FDC22406BDC0073C07C /* SudoSecureVault.framework */;
			productType = "com.apple.product-type.framework";
		};
		D9A68FE422406BDC0073C07C /* SudoSecureVaultTests */ = {
			isa = PBXNativeTarget;
			buildConfigurationList = D9A68FF322406BDC0073C07C /* Build configuration list for PBXNativeTarget "SudoSecureVaultTests" */;
			buildPhases = (
				00BF94FC78B2A7D896E878EF /* [CP] Check Pods Manifest.lock */,
				D9A68FE122406BDC0073C07C /* Sources */,
				D9A68FE222406BDC0073C07C /* Frameworks */,
				D9A68FE322406BDC0073C07C /* Resources */,
				8A1A6FB8F2ACF9B74701BE45 /* [CP] Embed Pods Frameworks */,
			);
			buildRules = (
			);
			dependencies = (
				D9A68FE822406BDC0073C07C /* PBXTargetDependency */,
				D9A029D32241C3F900FC8A06 /* PBXTargetDependency */,
			);
			name = SudoSecureVaultTests;
			productName = SudoSecureVaultTests;
			productReference = D9A68FE522406BDC0073C07C /* SudoSecureVaultTests.xctest */;
			productType = "com.apple.product-type.bundle.unit-test";
		};
		D9AED2D52252E65F004ABA24 /* SampleAppTests */ = {
			isa = PBXNativeTarget;
			buildConfigurationList = D9AED2E22252E65F004ABA24 /* Build configuration list for PBXNativeTarget "SampleAppTests" */;
			buildPhases = (
				D9AED2D22252E65F004ABA24 /* Sources */,
				D9AED2D32252E65F004ABA24 /* Frameworks */,
				D9AED2D42252E65F004ABA24 /* Resources */,
			);
			buildRules = (
			);
			dependencies = (
			);
			name = SampleAppTests;
			productName = SampleAppTests;
			productReference = D9AED2D62252E65F004ABA24 /* SampleAppTests.xctest */;
			productType = "com.apple.product-type.bundle.unit-test";
		};
/* End PBXNativeTarget section */

/* Begin PBXProject section */
		D9A68FD322406BDC0073C07C /* Project object */ = {
			isa = PBXProject;
			attributes = {
				LastSwiftUpdateCheck = 1030;
				LastUpgradeCheck = 1020;
				ORGANIZATIONNAME = cchoi;
				TargetAttributes = {
					D94A11AF2240CADD00271C28 = {
						CreatedOnToolsVersion = 10.1;
						LastSwiftMigration = 1030;
						TestTargetID = D94A11C02240D9EB00271C28;
					};
					D94A11C02240D9EB00271C28 = {
						CreatedOnToolsVersion = 10.1;
						LastSwiftMigration = 1030;
						SystemCapabilities = {
							com.apple.BackgroundModes = {
								enabled = 1;
							};
							com.apple.Push = {
								enabled = 1;
							};
						};
					};
					D98064BC231F9B960035FC37 = {
						CreatedOnToolsVersion = 10.3;
						TestTargetID = D9AED2C22252E65E004ABA24;
					};
					D9A68FDB22406BDC0073C07C = {
						CreatedOnToolsVersion = 10.1;
						LastSwiftMigration = 1030;
					};
					D9A68FE422406BDC0073C07C = {
						CreatedOnToolsVersion = 10.1;
						LastSwiftMigration = 1030;
					};
					D9AED2D52252E65F004ABA24 = {
						CreatedOnToolsVersion = 10.2;
						TestTargetID = D9AED2C22252E65E004ABA24;
					};
				};
			};
			buildConfigurationList = D9A68FD622406BDC0073C07C /* Build configuration list for PBXProject "SudoSecureVault" */;
			compatibilityVersion = "Xcode 9.3";
			developmentRegion = en;
			hasScannedForEncodings = 0;
			knownRegions = (
				en,
				Base,
			);
			mainGroup = D9A68FD222406BDC0073C07C;
			productRefGroup = D9A68FDD22406BDC0073C07C /* Products */;
			projectDirPath = "";
			projectRoot = "";
			targets = (
				D9A68FDB22406BDC0073C07C /* SudoSecureVault */,
				D9A68FE422406BDC0073C07C /* SudoSecureVaultTests */,
				D94A11AF2240CADD00271C28 /* SudoSecureVaultIntegrationTests */,
				D94A11C02240D9EB00271C28 /* TestApp */,
				D9AED2D52252E65F004ABA24 /* SampleAppTests */,
				D98064BC231F9B960035FC37 /* SampleAppUITests */,
			);
		};
/* End PBXProject section */

/* Begin PBXResourcesBuildPhase section */
		D94A11AE2240CADD00271C28 /* Resources */ = {
			isa = PBXResourcesBuildPhase;
			buildActionMask = 2147483647;
			files = (
			);
			runOnlyForDeploymentPostprocessing = 0;
		};
		D94A11BF2240D9EB00271C28 /* Resources */ = {
			isa = PBXResourcesBuildPhase;
			buildActionMask = 2147483647;
			files = (
				D9F27D2922DC3D4200441D3F /* awsconfiguration.json in Resources */,
				D901A9E123D6C44400A3FC70 /* sudoplatformconfig.json in Resources */,
				D94A11CE2240D9ED00271C28 /* LaunchScreen.storyboard in Resources */,
				D94A11CB2240D9ED00271C28 /* Assets.xcassets in Resources */,
				D94A11C92240D9EC00271C28 /* Main.storyboard in Resources */,
				D928A86D22D8558600D270B6 /* Auth0.plist in Resources */,
			);
			runOnlyForDeploymentPostprocessing = 0;
		};
		D98064BB231F9B960035FC37 /* Resources */ = {
			isa = PBXResourcesBuildPhase;
			buildActionMask = 2147483647;
			files = (
			);
			runOnlyForDeploymentPostprocessing = 0;
		};
		D9A68FDA22406BDC0073C07C /* Resources */ = {
			isa = PBXResourcesBuildPhase;
			buildActionMask = 2147483647;
			files = (
			);
			runOnlyForDeploymentPostprocessing = 0;
		};
		D9A68FE322406BDC0073C07C /* Resources */ = {
			isa = PBXResourcesBuildPhase;
			buildActionMask = 2147483647;
			files = (
			);
			runOnlyForDeploymentPostprocessing = 0;
		};
		D9AED2D42252E65F004ABA24 /* Resources */ = {
			isa = PBXResourcesBuildPhase;
			buildActionMask = 2147483647;
			files = (
			);
			runOnlyForDeploymentPostprocessing = 0;
		};
/* End PBXResourcesBuildPhase section */

/* Begin PBXShellScriptBuildPhase section */
		00BF94FC78B2A7D896E878EF /* [CP] Check Pods Manifest.lock */ = {
			isa = PBXShellScriptBuildPhase;
			buildActionMask = 2147483647;
			files = (
			);
			inputFileListPaths = (
			);
			inputPaths = (
				"${PODS_PODFILE_DIR_PATH}/Podfile.lock",
				"${PODS_ROOT}/Manifest.lock",
			);
			name = "[CP] Check Pods Manifest.lock";
			outputFileListPaths = (
			);
			outputPaths = (
				"$(DERIVED_FILE_DIR)/Pods-SudoSecureVaultTests-checkManifestLockResult.txt",
			);
			runOnlyForDeploymentPostprocessing = 0;
			shellPath = /bin/sh;
			shellScript = "diff \"${PODS_PODFILE_DIR_PATH}/Podfile.lock\" \"${PODS_ROOT}/Manifest.lock\" > /dev/null\nif [ $? != 0 ] ; then\n    # print error to STDERR\n    echo \"error: The sandbox is not in sync with the Podfile.lock. Run 'pod install' or update your CocoaPods installation.\" >&2\n    exit 1\nfi\n# This output is used by Xcode 'outputs' to avoid re-running this script phase.\necho \"SUCCESS\" > \"${SCRIPT_OUTPUT_FILE_0}\"\n";
			showEnvVarsInLog = 0;
		};
		01CE72896F4517C60BED5D59 /* [CP] Check Pods Manifest.lock */ = {
			isa = PBXShellScriptBuildPhase;
			buildActionMask = 2147483647;
			files = (
			);
			inputFileListPaths = (
			);
			inputPaths = (
				"${PODS_PODFILE_DIR_PATH}/Podfile.lock",
				"${PODS_ROOT}/Manifest.lock",
			);
			name = "[CP] Check Pods Manifest.lock";
			outputFileListPaths = (
			);
			outputPaths = (
				"$(DERIVED_FILE_DIR)/Pods-TestApp-checkManifestLockResult.txt",
			);
			runOnlyForDeploymentPostprocessing = 0;
			shellPath = /bin/sh;
			shellScript = "diff \"${PODS_PODFILE_DIR_PATH}/Podfile.lock\" \"${PODS_ROOT}/Manifest.lock\" > /dev/null\nif [ $? != 0 ] ; then\n    # print error to STDERR\n    echo \"error: The sandbox is not in sync with the Podfile.lock. Run 'pod install' or update your CocoaPods installation.\" >&2\n    exit 1\nfi\n# This output is used by Xcode 'outputs' to avoid re-running this script phase.\necho \"SUCCESS\" > \"${SCRIPT_OUTPUT_FILE_0}\"\n";
			showEnvVarsInLog = 0;
		};
		19C1A5478B277C981AA0692A /* [CP] Check Pods Manifest.lock */ = {
			isa = PBXShellScriptBuildPhase;
			buildActionMask = 2147483647;
			files = (
			);
			inputFileListPaths = (
			);
			inputPaths = (
				"${PODS_PODFILE_DIR_PATH}/Podfile.lock",
				"${PODS_ROOT}/Manifest.lock",
			);
			name = "[CP] Check Pods Manifest.lock";
			outputFileListPaths = (
			);
			outputPaths = (
				"$(DERIVED_FILE_DIR)/Pods-SudoSecureVaultIntegrationTests-checkManifestLockResult.txt",
			);
			runOnlyForDeploymentPostprocessing = 0;
			shellPath = /bin/sh;
			shellScript = "diff \"${PODS_PODFILE_DIR_PATH}/Podfile.lock\" \"${PODS_ROOT}/Manifest.lock\" > /dev/null\nif [ $? != 0 ] ; then\n    # print error to STDERR\n    echo \"error: The sandbox is not in sync with the Podfile.lock. Run 'pod install' or update your CocoaPods installation.\" >&2\n    exit 1\nfi\n# This output is used by Xcode 'outputs' to avoid re-running this script phase.\necho \"SUCCESS\" > \"${SCRIPT_OUTPUT_FILE_0}\"\n";
			showEnvVarsInLog = 0;
		};
		4BE9F086B19C1962969A6184 /* [CP] Check Pods Manifest.lock */ = {
			isa = PBXShellScriptBuildPhase;
			buildActionMask = 2147483647;
			files = (
			);
			inputFileListPaths = (
			);
			inputPaths = (
				"${PODS_PODFILE_DIR_PATH}/Podfile.lock",
				"${PODS_ROOT}/Manifest.lock",
			);
			name = "[CP] Check Pods Manifest.lock";
			outputFileListPaths = (
			);
			outputPaths = (
				"$(DERIVED_FILE_DIR)/Pods-SudoSecureVault-checkManifestLockResult.txt",
			);
			runOnlyForDeploymentPostprocessing = 0;
			shellPath = /bin/sh;
			shellScript = "diff \"${PODS_PODFILE_DIR_PATH}/Podfile.lock\" \"${PODS_ROOT}/Manifest.lock\" > /dev/null\nif [ $? != 0 ] ; then\n    # print error to STDERR\n    echo \"error: The sandbox is not in sync with the Podfile.lock. Run 'pod install' or update your CocoaPods installation.\" >&2\n    exit 1\nfi\n# This output is used by Xcode 'outputs' to avoid re-running this script phase.\necho \"SUCCESS\" > \"${SCRIPT_OUTPUT_FILE_0}\"\n";
			showEnvVarsInLog = 0;
		};
		8A1A6FB8F2ACF9B74701BE45 /* [CP] Embed Pods Frameworks */ = {
			isa = PBXShellScriptBuildPhase;
			buildActionMask = 2147483647;
			files = (
			);
			inputFileListPaths = (
				"${PODS_ROOT}/Target Support Files/Pods-SudoSecureVaultTests/Pods-SudoSecureVaultTests-frameworks-${CONFIGURATION}-input-files.xcfilelist",
			);
			name = "[CP] Embed Pods Frameworks";
			outputFileListPaths = (
				"${PODS_ROOT}/Target Support Files/Pods-SudoSecureVaultTests/Pods-SudoSecureVaultTests-frameworks-${CONFIGURATION}-output-files.xcfilelist",
			);
			runOnlyForDeploymentPostprocessing = 0;
			shellPath = /bin/sh;
			shellScript = "\"${PODS_ROOT}/Target Support Files/Pods-SudoSecureVaultTests/Pods-SudoSecureVaultTests-frameworks.sh\"\n";
			showEnvVarsInLog = 0;
		};
		B91506FC64BECD067EA1321F /* [CP] Embed Pods Frameworks */ = {
			isa = PBXShellScriptBuildPhase;
			buildActionMask = 2147483647;
			files = (
			);
			inputFileListPaths = (
				"${PODS_ROOT}/Target Support Files/Pods-SudoSecureVaultIntegrationTests/Pods-SudoSecureVaultIntegrationTests-frameworks-${CONFIGURATION}-input-files.xcfilelist",
			);
			name = "[CP] Embed Pods Frameworks";
			outputFileListPaths = (
				"${PODS_ROOT}/Target Support Files/Pods-SudoSecureVaultIntegrationTests/Pods-SudoSecureVaultIntegrationTests-frameworks-${CONFIGURATION}-output-files.xcfilelist",
			);
			runOnlyForDeploymentPostprocessing = 0;
			shellPath = /bin/sh;
			shellScript = "\"${PODS_ROOT}/Target Support Files/Pods-SudoSecureVaultIntegrationTests/Pods-SudoSecureVaultIntegrationTests-frameworks.sh\"\n";
			showEnvVarsInLog = 0;
		};
		D9535711237A674C00135836 /* Lint */ = {
			isa = PBXShellScriptBuildPhase;
			buildActionMask = 2147483647;
			files = (
			);
			inputFileListPaths = (
			);
			inputPaths = (
			);
			name = Lint;
			outputFileListPaths = (
			);
			outputPaths = (
			);
			runOnlyForDeploymentPostprocessing = 0;
			shellPath = /bin/sh;
			shellScript = "if which swiftlint > /dev/null; then\n    /usr/local/bin/swiftlint --path ${PROJECT_DIR}\nelse\n    echo \"Warning: SwiftLint not installed, run 'brew install swiftlint'\"\nfi\n";
		};
		D96E98FD231CE360005994EA /* Copy Config File */ = {
			isa = PBXShellScriptBuildPhase;
			buildActionMask = 2147483647;
			files = (
			);
			inputFileListPaths = (
			);
			inputPaths = (
			);
			name = "Copy Config File";
			outputFileListPaths = (
			);
			outputPaths = (
			);
			runOnlyForDeploymentPostprocessing = 0;
			shellPath = /bin/sh;
			shellScript = "# Type a script or drag a script file from your workspace to insert its path.\ncp -f identity-system-test-config/config.json \"${TARGET_BUILD_DIR}/${UNLOCALIZED_RESOURCES_FOLDER_PATH}/\" || :\n";
		};
		D98138D9224CCA7400D298B2 /* Copy TEST keys */ = {
			isa = PBXShellScriptBuildPhase;
			buildActionMask = 2147483647;
			files = (
			);
			inputFileListPaths = (
			);
			inputPaths = (
			);
			name = "Copy TEST keys";
			outputFileListPaths = (
			);
			outputPaths = (
			);
			runOnlyForDeploymentPostprocessing = 0;
			shellPath = /bin/sh;
			shellScript = "cp -f /var/anonyome_key/* \"${TARGET_BUILD_DIR}/${UNLOCALIZED_RESOURCES_FOLDER_PATH}/\" || :\ncp -f identity-system-test-config/anonyome_ssm_parameter_register_key.json \"${TARGET_BUILD_DIR}/${UNLOCALIZED_RESOURCES_FOLDER_PATH}/\" || :\ncp -f identity-system-test-config/config.json \"${TARGET_BUILD_DIR}/${UNLOCALIZED_RESOURCES_FOLDER_PATH}/\" || :\ncp -f identity-system-test-config/fsso.key \"${TARGET_BUILD_DIR}/${UNLOCALIZED_RESOURCES_FOLDER_PATH}/\" || :\ncp -f identity-system-test-config/fsso.id \"${TARGET_BUILD_DIR}/${UNLOCALIZED_RESOURCES_FOLDER_PATH}/\" || :\n";
		};
		F34DDBAA821D5FB0EC218E1E /* [CP] Embed Pods Frameworks */ = {
			isa = PBXShellScriptBuildPhase;
			buildActionMask = 2147483647;
			files = (
			);
			inputFileListPaths = (
				"${PODS_ROOT}/Target Support Files/Pods-TestApp/Pods-TestApp-frameworks-${CONFIGURATION}-input-files.xcfilelist",
			);
			name = "[CP] Embed Pods Frameworks";
			outputFileListPaths = (
				"${PODS_ROOT}/Target Support Files/Pods-TestApp/Pods-TestApp-frameworks-${CONFIGURATION}-output-files.xcfilelist",
			);
			runOnlyForDeploymentPostprocessing = 0;
			shellPath = /bin/sh;
			shellScript = "\"${PODS_ROOT}/Target Support Files/Pods-TestApp/Pods-TestApp-frameworks.sh\"\n";
			showEnvVarsInLog = 0;
		};
/* End PBXShellScriptBuildPhase section */

/* Begin PBXSourcesBuildPhase section */
		D94A11AC2240CADD00271C28 /* Sources */ = {
			isa = PBXSourcesBuildPhase;
			buildActionMask = 2147483647;
			files = (
				D94A11BC2240CB9300271C28 /* SudoSecureVaultIntegrationTests.swift in Sources */,
			);
			runOnlyForDeploymentPostprocessing = 0;
		};
		D94A11BD2240D9EB00271C28 /* Sources */ = {
			isa = PBXSourcesBuildPhase;
			buildActionMask = 2147483647;
			files = (
				D94A11C62240D9EC00271C28 /* ViewController.swift in Sources */,
				D96E98FA231CA960005994EA /* SudoSecureVaultClientManager.swift in Sources */,
				D94A11C42240D9EC00271C28 /* AppDelegate.swift in Sources */,
			);
			runOnlyForDeploymentPostprocessing = 0;
		};
		D98064B9231F9B960035FC37 /* Sources */ = {
			isa = PBXSourcesBuildPhase;
			buildActionMask = 2147483647;
			files = (
			);
			runOnlyForDeploymentPostprocessing = 0;
		};
		D9A68FD822406BDC0073C07C /* Sources */ = {
			isa = PBXSourcesBuildPhase;
			buildActionMask = 2147483647;
			files = (
				D9CAEF36224369D400D8D4B5 /* Dictionary.swift in Sources */,
				D9457DFA2536C39D0009271A /* Deregister.swift in Sources */,
				D9A800342536A3EE004BDAF9 /* GetVault.swift in Sources */,
				D9CAEF34224369D400D8D4B5 /* NSNumber.swift in Sources */,
				D9FD0033246227920038A040 /* DefaultSudoSecureVaultClient.swift in Sources */,
				D9FD30422533FD6B00415306 /* UpdateVault.swift in Sources */,
				D95FB71924247D6000218486 /* SignIn.swift in Sources */,
				D94474A4227BEDF400C0872E /* CognitoUserPoolIdentityProvider.swift in Sources */,
				D94A117322407F2400271C28 /* Version.swift in Sources */,
				D9FE014023A741F9009C0B60 /* AuthenticationTokens.swift in Sources */,
				D9CF1826224840F900C84D45 /* IdentityProvider.swift in Sources */,
				D988A2C12266AB65005F116E /* AWSEndpoint.swift in Sources */,
				D94A116722407F2400271C28 /* SudoSecureVaultClient.swift in Sources */,
				D9CAEF38224369D400D8D4B5 /* Data.swift in Sources */,
				32401EAC2543522B00BA890A /* MockSudoSecureVaultClient.swift in Sources */,
				D9FD30492533FD8200415306 /* ListVaults.swift in Sources */,
				D9A8001A2536A1C2004BDAF9 /* ListVaultsMetadataOnly.swift in Sources */,
				D9CAEF35224369D400D8D4B5 /* Array.swift in Sources */,
				D94A117F22407F2400271C28 /* SecureVaultOperation.swift in Sources */,
				D9FD303B2533D00700415306 /* CreateVault.swift in Sources */,
				D94A118822407F2400271C28 /* Logger.swift in Sources */,
				D9457E012536C6CC0009271A /* ChangePassword.swift in Sources */,
				D9FE013C23A7348F009C0B60 /* SecureVaultOperationQueue.swift in Sources */,
				D94A117A22407F2400271C28 /* Register.swift in Sources */,
				D9CAEF39224369D400D8D4B5 /* Date.swift in Sources */,
				D9A4351D237937CB007FB579 /* SudoSecureVaultClientConfigProvider.swift in Sources */,
				D9017FF0252BDF150059EB45 /* API.swift in Sources */,
				D9CAEF37224369D400D8D4B5 /* NSLock.swift in Sources */,
				D9A800212536A3D0004BDAF9 /* DeleteVault.swift in Sources */,
			);
			runOnlyForDeploymentPostprocessing = 0;
		};
		D9A68FE122406BDC0073C07C /* Sources */ = {
			isa = PBXSourcesBuildPhase;
			buildActionMask = 2147483647;
			files = (
				D9A68FEB22406BDC0073C07C /* SudoSecureVaultTests.swift in Sources */,
			);
			runOnlyForDeploymentPostprocessing = 0;
		};
		D9AED2D22252E65F004ABA24 /* Sources */ = {
			isa = PBXSourcesBuildPhase;
			buildActionMask = 2147483647;
			files = (
			);
			runOnlyForDeploymentPostprocessing = 0;
		};
/* End PBXSourcesBuildPhase section */

/* Begin PBXTargetDependency section */
		D94A11B72240CADD00271C28 /* PBXTargetDependency */ = {
			isa = PBXTargetDependency;
			target = D9A68FDB22406BDC0073C07C /* SudoSecureVault */;
			targetProxy = D94A11B62240CADD00271C28 /* PBXContainerItemProxy */;
		};
		D94A11D42240D9FA00271C28 /* PBXTargetDependency */ = {
			isa = PBXTargetDependency;
			target = D94A11C02240D9EB00271C28 /* TestApp */;
			targetProxy = D94A11D32240D9FA00271C28 /* PBXContainerItemProxy */;
		};
		D9A029D32241C3F900FC8A06 /* PBXTargetDependency */ = {
			isa = PBXTargetDependency;
			target = D94A11C02240D9EB00271C28 /* TestApp */;
			targetProxy = D9A029D22241C3F900FC8A06 /* PBXContainerItemProxy */;
		};
		D9A68FE822406BDC0073C07C /* PBXTargetDependency */ = {
			isa = PBXTargetDependency;
			target = D9A68FDB22406BDC0073C07C /* SudoSecureVault */;
			targetProxy = D9A68FE722406BDC0073C07C /* PBXContainerItemProxy */;
		};
		D9F0B6EA2251895A00D085E1 /* PBXTargetDependency */ = {
			isa = PBXTargetDependency;
			target = D9A68FDB22406BDC0073C07C /* SudoSecureVault */;
			targetProxy = D9F0B6E92251895A00D085E1 /* PBXContainerItemProxy */;
		};
/* End PBXTargetDependency section */

/* Begin PBXVariantGroup section */
		D94A11C72240D9EC00271C28 /* Main.storyboard */ = {
			isa = PBXVariantGroup;
			children = (
				D94A11C82240D9EC00271C28 /* Base */,
			);
			name = Main.storyboard;
			sourceTree = "<group>";
		};
		D94A11CC2240D9ED00271C28 /* LaunchScreen.storyboard */ = {
			isa = PBXVariantGroup;
			children = (
				D94A11CD2240D9ED00271C28 /* Base */,
			);
			name = LaunchScreen.storyboard;
			sourceTree = "<group>";
		};
/* End PBXVariantGroup section */

/* Begin XCBuildConfiguration section */
		D94A11B92240CADD00271C28 /* Debug */ = {
			isa = XCBuildConfiguration;
			baseConfigurationReference = 8928B0B4014A21CB7E167C5A /* Pods-SudoSecureVaultIntegrationTests.debug.xcconfig */;
			buildSettings = {
				BUNDLE_LOADER = "$(TEST_HOST)";
				CLANG_ENABLE_MODULES = YES;
				CODE_SIGN_STYLE = Automatic;
				DEVELOPMENT_TEAM = UU2W43R8JA;
				INFOPLIST_FILE = SudoSecureVaultIntegrationTests/Info.plist;
				LD_RUNPATH_SEARCH_PATHS = (
					"$(inherited)",
					"@executable_path/Frameworks",
					"@loader_path/Frameworks",
				);
				PRODUCT_BUNDLE_IDENTIFIER = com.sudoplatform.SudoSecureVaultIntegrationTests;
				PRODUCT_NAME = "$(TARGET_NAME)";
				SWIFT_OPTIMIZATION_LEVEL = "-Onone";
				TARGETED_DEVICE_FAMILY = "1,2";
				TEST_HOST = "$(BUILT_PRODUCTS_DIR)/TestApp.app/TestApp";
			};
			name = Debug;
		};
		D94A11BA2240CADD00271C28 /* Release */ = {
			isa = XCBuildConfiguration;
			baseConfigurationReference = 7360D3B621BEE707534D50F5 /* Pods-SudoSecureVaultIntegrationTests.release.xcconfig */;
			buildSettings = {
				BUNDLE_LOADER = "$(TEST_HOST)";
				CLANG_ENABLE_MODULES = YES;
				CODE_SIGN_STYLE = Automatic;
				DEVELOPMENT_TEAM = UU2W43R8JA;
				INFOPLIST_FILE = SudoSecureVaultIntegrationTests/Info.plist;
				LD_RUNPATH_SEARCH_PATHS = (
					"$(inherited)",
					"@executable_path/Frameworks",
					"@loader_path/Frameworks",
				);
				PRODUCT_BUNDLE_IDENTIFIER = com.sudoplatform.SudoSecureVaultIntegrationTests;
				PRODUCT_NAME = "$(TARGET_NAME)";
				TARGETED_DEVICE_FAMILY = "1,2";
				TEST_HOST = "$(BUILT_PRODUCTS_DIR)/TestApp.app/TestApp";
			};
			name = Release;
		};
		D94A11D02240D9ED00271C28 /* Debug */ = {
			isa = XCBuildConfiguration;
			baseConfigurationReference = 1089840AF09B8C3858CC3E3D /* Pods-TestApp.debug.xcconfig */;
			buildSettings = {
				ALWAYS_EMBED_SWIFT_STANDARD_LIBRARIES = YES;
				ASSETCATALOG_COMPILER_APPICON_NAME = AppIcon;
				CODE_SIGN_ENTITLEMENTS = TestApp/TestApp.entitlements;
				CODE_SIGN_STYLE = Automatic;
				DEVELOPMENT_TEAM = UU2W43R8JA;
				INFOPLIST_FILE = TestApp/Info.plist;
				IPHONEOS_DEPLOYMENT_TARGET = 11.0;
				LD_RUNPATH_SEARCH_PATHS = (
					"$(inherited)",
					"@executable_path/Frameworks",
				);
				PRODUCT_BUNDLE_IDENTIFIER = "com.anonyome.mysudo-dev";
				PRODUCT_NAME = "$(TARGET_NAME)";
				TARGETED_DEVICE_FAMILY = "1,2";
			};
			name = Debug;
		};
		D94A11D12240D9ED00271C28 /* Release */ = {
			isa = XCBuildConfiguration;
			baseConfigurationReference = 952C3B4660083237FFEB184C /* Pods-TestApp.release.xcconfig */;
			buildSettings = {
				ALWAYS_EMBED_SWIFT_STANDARD_LIBRARIES = YES;
				ASSETCATALOG_COMPILER_APPICON_NAME = AppIcon;
				CODE_SIGN_ENTITLEMENTS = TestApp/TestApp.entitlements;
				CODE_SIGN_STYLE = Automatic;
				DEVELOPMENT_TEAM = UU2W43R8JA;
				ENABLE_TESTABILITY = YES;
				INFOPLIST_FILE = TestApp/Info.plist;
				IPHONEOS_DEPLOYMENT_TARGET = 11.0;
				LD_RUNPATH_SEARCH_PATHS = (
					"$(inherited)",
					"@executable_path/Frameworks",
				);
				PRODUCT_BUNDLE_IDENTIFIER = "com.anonyome.mysudo-dev";
				PRODUCT_NAME = "$(TARGET_NAME)";
				TARGETED_DEVICE_FAMILY = "1,2";
			};
			name = Release;
		};
		D98064C4231F9B960035FC37 /* Debug */ = {
			isa = XCBuildConfiguration;
			buildSettings = {
				CODE_SIGN_STYLE = Automatic;
				DEVELOPMENT_TEAM = UU2W43R8JA;
				INFOPLIST_FILE = SampleAppUITests/Info.plist;
				IPHONEOS_DEPLOYMENT_TARGET = 12.4;
				LD_RUNPATH_SEARCH_PATHS = (
					"$(inherited)",
					"@executable_path/Frameworks",
					"@loader_path/Frameworks",
				);
				PRODUCT_BUNDLE_IDENTIFIER = com.sudoplatform.SampleAppUITests;
				PRODUCT_NAME = "$(TARGET_NAME)";
				TARGETED_DEVICE_FAMILY = "1,2";
				TEST_TARGET_NAME = SampleApp;
			};
			name = Debug;
		};
		D98064C5231F9B960035FC37 /* Release */ = {
			isa = XCBuildConfiguration;
			buildSettings = {
				CODE_SIGN_STYLE = Automatic;
				DEVELOPMENT_TEAM = UU2W43R8JA;
				INFOPLIST_FILE = SampleAppUITests/Info.plist;
				IPHONEOS_DEPLOYMENT_TARGET = 12.4;
				LD_RUNPATH_SEARCH_PATHS = (
					"$(inherited)",
					"@executable_path/Frameworks",
					"@loader_path/Frameworks",
				);
				PRODUCT_BUNDLE_IDENTIFIER = com.sudoplatform.SampleAppUITests;
				PRODUCT_NAME = "$(TARGET_NAME)";
				TARGETED_DEVICE_FAMILY = "1,2";
				TEST_TARGET_NAME = SampleApp;
			};
			name = Release;
		};
		D9A68FEE22406BDC0073C07C /* Debug */ = {
			isa = XCBuildConfiguration;
			buildSettings = {
				ALWAYS_SEARCH_USER_PATHS = NO;
				CLANG_ANALYZER_NONNULL = YES;
				CLANG_ANALYZER_NUMBER_OBJECT_CONVERSION = YES_AGGRESSIVE;
				CLANG_CXX_LANGUAGE_STANDARD = "gnu++14";
				CLANG_CXX_LIBRARY = "libc++";
				CLANG_ENABLE_MODULES = YES;
				CLANG_ENABLE_OBJC_ARC = YES;
				CLANG_ENABLE_OBJC_WEAK = YES;
				CLANG_WARN_BLOCK_CAPTURE_AUTORELEASING = YES;
				CLANG_WARN_BOOL_CONVERSION = YES;
				CLANG_WARN_COMMA = YES;
				CLANG_WARN_CONSTANT_CONVERSION = YES;
				CLANG_WARN_DEPRECATED_OBJC_IMPLEMENTATIONS = YES;
				CLANG_WARN_DIRECT_OBJC_ISA_USAGE = YES_ERROR;
				CLANG_WARN_DOCUMENTATION_COMMENTS = YES;
				CLANG_WARN_EMPTY_BODY = YES;
				CLANG_WARN_ENUM_CONVERSION = YES;
				CLANG_WARN_INFINITE_RECURSION = YES;
				CLANG_WARN_INT_CONVERSION = YES;
				CLANG_WARN_NON_LITERAL_NULL_CONVERSION = YES;
				CLANG_WARN_OBJC_IMPLICIT_RETAIN_SELF = YES;
				CLANG_WARN_OBJC_LITERAL_CONVERSION = YES;
				CLANG_WARN_OBJC_ROOT_CLASS = YES_ERROR;
				CLANG_WARN_RANGE_LOOP_ANALYSIS = YES;
				CLANG_WARN_STRICT_PROTOTYPES = YES;
				CLANG_WARN_SUSPICIOUS_MOVE = YES;
				CLANG_WARN_UNGUARDED_AVAILABILITY = YES_AGGRESSIVE;
				CLANG_WARN_UNREACHABLE_CODE = YES;
				CLANG_WARN__DUPLICATE_METHOD_MATCH = YES;
				CODE_SIGN_IDENTITY = "iPhone Developer";
				COPY_PHASE_STRIP = NO;
				CURRENT_PROJECT_VERSION = 1;
				DEBUG_INFORMATION_FORMAT = dwarf;
				ENABLE_STRICT_OBJC_MSGSEND = YES;
				ENABLE_TESTABILITY = YES;
				GCC_C_LANGUAGE_STANDARD = gnu11;
				GCC_DYNAMIC_NO_PIC = NO;
				GCC_NO_COMMON_BLOCKS = YES;
				GCC_OPTIMIZATION_LEVEL = 0;
				GCC_PREPROCESSOR_DEFINITIONS = (
					"DEBUG=1",
					"$(inherited)",
				);
				GCC_WARN_64_TO_32_BIT_CONVERSION = YES;
				GCC_WARN_ABOUT_RETURN_TYPE = YES_ERROR;
				GCC_WARN_UNDECLARED_SELECTOR = YES;
				GCC_WARN_UNINITIALIZED_AUTOS = YES_AGGRESSIVE;
				GCC_WARN_UNUSED_FUNCTION = YES;
				GCC_WARN_UNUSED_VARIABLE = YES;
				IPHONEOS_DEPLOYMENT_TARGET = 11.0;
				MTL_ENABLE_DEBUG_INFO = INCLUDE_SOURCE;
				MTL_FAST_MATH = YES;
				ONLY_ACTIVE_ARCH = YES;
				SDKROOT = iphoneos;
				SWIFT_ACTIVE_COMPILATION_CONDITIONS = DEBUG;
				SWIFT_OPTIMIZATION_LEVEL = "-Onone";
				SWIFT_VERSION = 5.0;
				VERSIONING_SYSTEM = "apple-generic";
				VERSION_INFO_PREFIX = "";
			};
			name = Debug;
		};
		D9A68FEF22406BDC0073C07C /* Release */ = {
			isa = XCBuildConfiguration;
			buildSettings = {
				ALWAYS_SEARCH_USER_PATHS = NO;
				CLANG_ANALYZER_NONNULL = YES;
				CLANG_ANALYZER_NUMBER_OBJECT_CONVERSION = YES_AGGRESSIVE;
				CLANG_CXX_LANGUAGE_STANDARD = "gnu++14";
				CLANG_CXX_LIBRARY = "libc++";
				CLANG_ENABLE_MODULES = YES;
				CLANG_ENABLE_OBJC_ARC = YES;
				CLANG_ENABLE_OBJC_WEAK = YES;
				CLANG_WARN_BLOCK_CAPTURE_AUTORELEASING = YES;
				CLANG_WARN_BOOL_CONVERSION = YES;
				CLANG_WARN_COMMA = YES;
				CLANG_WARN_CONSTANT_CONVERSION = YES;
				CLANG_WARN_DEPRECATED_OBJC_IMPLEMENTATIONS = YES;
				CLANG_WARN_DIRECT_OBJC_ISA_USAGE = YES_ERROR;
				CLANG_WARN_DOCUMENTATION_COMMENTS = YES;
				CLANG_WARN_EMPTY_BODY = YES;
				CLANG_WARN_ENUM_CONVERSION = YES;
				CLANG_WARN_INFINITE_RECURSION = YES;
				CLANG_WARN_INT_CONVERSION = YES;
				CLANG_WARN_NON_LITERAL_NULL_CONVERSION = YES;
				CLANG_WARN_OBJC_IMPLICIT_RETAIN_SELF = YES;
				CLANG_WARN_OBJC_LITERAL_CONVERSION = YES;
				CLANG_WARN_OBJC_ROOT_CLASS = YES_ERROR;
				CLANG_WARN_RANGE_LOOP_ANALYSIS = YES;
				CLANG_WARN_STRICT_PROTOTYPES = YES;
				CLANG_WARN_SUSPICIOUS_MOVE = YES;
				CLANG_WARN_UNGUARDED_AVAILABILITY = YES_AGGRESSIVE;
				CLANG_WARN_UNREACHABLE_CODE = YES;
				CLANG_WARN__DUPLICATE_METHOD_MATCH = YES;
				CODE_SIGN_IDENTITY = "iPhone Developer";
				COPY_PHASE_STRIP = NO;
				CURRENT_PROJECT_VERSION = 1;
				DEBUG_INFORMATION_FORMAT = "dwarf-with-dsym";
				ENABLE_NS_ASSERTIONS = NO;
				ENABLE_STRICT_OBJC_MSGSEND = YES;
				GCC_C_LANGUAGE_STANDARD = gnu11;
				GCC_NO_COMMON_BLOCKS = YES;
				GCC_WARN_64_TO_32_BIT_CONVERSION = YES;
				GCC_WARN_ABOUT_RETURN_TYPE = YES_ERROR;
				GCC_WARN_UNDECLARED_SELECTOR = YES;
				GCC_WARN_UNINITIALIZED_AUTOS = YES_AGGRESSIVE;
				GCC_WARN_UNUSED_FUNCTION = YES;
				GCC_WARN_UNUSED_VARIABLE = YES;
				IPHONEOS_DEPLOYMENT_TARGET = 11.0;
				MTL_ENABLE_DEBUG_INFO = NO;
				MTL_FAST_MATH = YES;
				SDKROOT = iphoneos;
				SWIFT_COMPILATION_MODE = wholemodule;
				SWIFT_OPTIMIZATION_LEVEL = "-O";
				SWIFT_VERSION = 5.0;
				VALIDATE_PRODUCT = YES;
				VERSIONING_SYSTEM = "apple-generic";
				VERSION_INFO_PREFIX = "";
			};
			name = Release;
		};
		D9A68FF122406BDC0073C07C /* Debug */ = {
			isa = XCBuildConfiguration;
			baseConfigurationReference = FC4F3A0D4B75784109B3F1A5 /* Pods-SudoSecureVault.debug.xcconfig */;
			buildSettings = {
				CLANG_ENABLE_MODULES = YES;
				CODE_SIGN_IDENTITY = "";
				CODE_SIGN_STYLE = Automatic;
				DEFINES_MODULE = YES;
				DEVELOPMENT_TEAM = UU2W43R8JA;
				DYLIB_COMPATIBILITY_VERSION = 1;
				DYLIB_CURRENT_VERSION = 1;
				DYLIB_INSTALL_NAME_BASE = "@rpath";
				INFOPLIST_FILE = SudoSecureVault/Info.plist;
				INSTALL_PATH = "$(LOCAL_LIBRARY_DIR)/Frameworks";
				IPHONEOS_DEPLOYMENT_TARGET = 11.0;
				LD_RUNPATH_SEARCH_PATHS = (
					"$(inherited)",
					"@executable_path/Frameworks",
					"@loader_path/Frameworks",
				);
				PRODUCT_BUNDLE_IDENTIFIER = com.sudoplatform.sudosecurevault;
				PRODUCT_NAME = "$(TARGET_NAME:c99extidentifier)";
				SKIP_INSTALL = YES;
				SWIFT_OPTIMIZATION_LEVEL = "-Onone";
				TARGETED_DEVICE_FAMILY = "1,2";
			};
			name = Debug;
		};
		D9A68FF222406BDC0073C07C /* Release */ = {
			isa = XCBuildConfiguration;
			baseConfigurationReference = 788995CA37D1FA570AB6E997 /* Pods-SudoSecureVault.release.xcconfig */;
			buildSettings = {
				CLANG_ENABLE_MODULES = YES;
				CODE_SIGN_IDENTITY = "";
				CODE_SIGN_STYLE = Automatic;
				DEFINES_MODULE = YES;
				DEVELOPMENT_TEAM = UU2W43R8JA;
				DYLIB_COMPATIBILITY_VERSION = 1;
				DYLIB_CURRENT_VERSION = 1;
				DYLIB_INSTALL_NAME_BASE = "@rpath";
				INFOPLIST_FILE = SudoSecureVault/Info.plist;
				INSTALL_PATH = "$(LOCAL_LIBRARY_DIR)/Frameworks";
				IPHONEOS_DEPLOYMENT_TARGET = 11.0;
				LD_RUNPATH_SEARCH_PATHS = (
					"$(inherited)",
					"@executable_path/Frameworks",
					"@loader_path/Frameworks",
				);
				PRODUCT_BUNDLE_IDENTIFIER = com.sudoplatform.sudosecurevault;
				PRODUCT_NAME = "$(TARGET_NAME:c99extidentifier)";
				SKIP_INSTALL = YES;
				TARGETED_DEVICE_FAMILY = "1,2";
			};
			name = Release;
		};
		D9A68FF422406BDC0073C07C /* Debug */ = {
			isa = XCBuildConfiguration;
			baseConfigurationReference = BD1ADF96715646A47150241F /* Pods-SudoSecureVaultTests.debug.xcconfig */;
			buildSettings = {
				ALWAYS_EMBED_SWIFT_STANDARD_LIBRARIES = YES;
				CODE_SIGN_STYLE = Automatic;
				DEVELOPMENT_TEAM = UU2W43R8JA;
				INFOPLIST_FILE = SudoSecureVaultTests/Info.plist;
				LD_RUNPATH_SEARCH_PATHS = (
					"$(inherited)",
					"@executable_path/Frameworks",
					"@loader_path/Frameworks",
				);
				PRODUCT_BUNDLE_IDENTIFIER = com.sudoplatform.SudoSecureVaultTests;
				PRODUCT_NAME = "$(TARGET_NAME)";
				TARGETED_DEVICE_FAMILY = "1,2";
			};
			name = Debug;
		};
		D9A68FF522406BDC0073C07C /* Release */ = {
			isa = XCBuildConfiguration;
			baseConfigurationReference = 3C34A3A5514BBD626DA281AB /* Pods-SudoSecureVaultTests.release.xcconfig */;
			buildSettings = {
				ALWAYS_EMBED_SWIFT_STANDARD_LIBRARIES = YES;
				CODE_SIGN_STYLE = Automatic;
				DEVELOPMENT_TEAM = UU2W43R8JA;
				INFOPLIST_FILE = SudoSecureVaultTests/Info.plist;
				LD_RUNPATH_SEARCH_PATHS = (
					"$(inherited)",
					"@executable_path/Frameworks",
					"@loader_path/Frameworks",
				);
				PRODUCT_BUNDLE_IDENTIFIER = com.sudoplatform.SudoSecureVaultTests;
				PRODUCT_NAME = "$(TARGET_NAME)";
				TARGETED_DEVICE_FAMILY = "1,2";
			};
			name = Release;
		};
		D9AED2DF2252E65F004ABA24 /* Debug */ = {
			isa = XCBuildConfiguration;
			buildSettings = {
				ALWAYS_EMBED_SWIFT_STANDARD_LIBRARIES = YES;
				BUNDLE_LOADER = "$(TEST_HOST)";
				CODE_SIGN_STYLE = Automatic;
				DEVELOPMENT_TEAM = UU2W43R8JA;
				INFOPLIST_FILE = SampleAppTests/Info.plist;
				IPHONEOS_DEPLOYMENT_TARGET = 12.2;
				LD_RUNPATH_SEARCH_PATHS = (
					"$(inherited)",
					"@executable_path/Frameworks",
					"@loader_path/Frameworks",
				);
				PRODUCT_BUNDLE_IDENTIFIER = com.anonyome.SampleAppTests;
				PRODUCT_NAME = "$(TARGET_NAME)";
				TARGETED_DEVICE_FAMILY = "1,2";
				TEST_HOST = "$(BUILT_PRODUCTS_DIR)/SampleApp.app/SampleApp";
			};
			name = Debug;
		};
		D9AED2E02252E65F004ABA24 /* Release */ = {
			isa = XCBuildConfiguration;
			buildSettings = {
				ALWAYS_EMBED_SWIFT_STANDARD_LIBRARIES = YES;
				BUNDLE_LOADER = "$(TEST_HOST)";
				CODE_SIGN_STYLE = Automatic;
				DEVELOPMENT_TEAM = UU2W43R8JA;
				INFOPLIST_FILE = SampleAppTests/Info.plist;
				IPHONEOS_DEPLOYMENT_TARGET = 12.2;
				LD_RUNPATH_SEARCH_PATHS = (
					"$(inherited)",
					"@executable_path/Frameworks",
					"@loader_path/Frameworks",
				);
				PRODUCT_BUNDLE_IDENTIFIER = com.anonyome.SampleAppTests;
				PRODUCT_NAME = "$(TARGET_NAME)";
				TARGETED_DEVICE_FAMILY = "1,2";
				TEST_HOST = "$(BUILT_PRODUCTS_DIR)/SampleApp.app/SampleApp";
			};
			name = Release;
		};
/* End XCBuildConfiguration section */

/* Begin XCConfigurationList section */
		D94A11B82240CADD00271C28 /* Build configuration list for PBXNativeTarget "SudoSecureVaultIntegrationTests" */ = {
			isa = XCConfigurationList;
			buildConfigurations = (
				D94A11B92240CADD00271C28 /* Debug */,
				D94A11BA2240CADD00271C28 /* Release */,
			);
			defaultConfigurationIsVisible = 0;
			defaultConfigurationName = Release;
		};
		D94A11D22240D9ED00271C28 /* Build configuration list for PBXNativeTarget "TestApp" */ = {
			isa = XCConfigurationList;
			buildConfigurations = (
				D94A11D02240D9ED00271C28 /* Debug */,
				D94A11D12240D9ED00271C28 /* Release */,
			);
			defaultConfigurationIsVisible = 0;
			defaultConfigurationName = Release;
		};
		D98064C6231F9B960035FC37 /* Build configuration list for PBXNativeTarget "SampleAppUITests" */ = {
			isa = XCConfigurationList;
			buildConfigurations = (
				D98064C4231F9B960035FC37 /* Debug */,
				D98064C5231F9B960035FC37 /* Release */,
			);
			defaultConfigurationIsVisible = 0;
			defaultConfigurationName = Release;
		};
		D9A68FD622406BDC0073C07C /* Build configuration list for PBXProject "SudoSecureVault" */ = {
			isa = XCConfigurationList;
			buildConfigurations = (
				D9A68FEE22406BDC0073C07C /* Debug */,
				D9A68FEF22406BDC0073C07C /* Release */,
			);
			defaultConfigurationIsVisible = 0;
			defaultConfigurationName = Release;
		};
		D9A68FF022406BDC0073C07C /* Build configuration list for PBXNativeTarget "SudoSecureVault" */ = {
			isa = XCConfigurationList;
			buildConfigurations = (
				D9A68FF122406BDC0073C07C /* Debug */,
				D9A68FF222406BDC0073C07C /* Release */,
			);
			defaultConfigurationIsVisible = 0;
			defaultConfigurationName = Release;
		};
		D9A68FF322406BDC0073C07C /* Build configuration list for PBXNativeTarget "SudoSecureVaultTests" */ = {
			isa = XCConfigurationList;
			buildConfigurations = (
				D9A68FF422406BDC0073C07C /* Debug */,
				D9A68FF522406BDC0073C07C /* Release */,
			);
			defaultConfigurationIsVisible = 0;
			defaultConfigurationName = Release;
		};
		D9AED2E22252E65F004ABA24 /* Build configuration list for PBXNativeTarget "SampleAppTests" */ = {
			isa = XCConfigurationList;
			buildConfigurations = (
				D9AED2DF2252E65F004ABA24 /* Debug */,
				D9AED2E02252E65F004ABA24 /* Release */,
			);
			defaultConfigurationIsVisible = 0;
			defaultConfigurationName = Release;
		};
/* End XCConfigurationList section */
	};
	rootObject = D9A68FD322406BDC0073C07C /* Project object */;
}
